
Microsoft Visual Studio Solution File, Format Version 12.00
# Visual Studio Version 17
VisualStudioVersion = 17.5.33516.290
MinimumVisualStudioVersion = 10.0.40219.1
Project("{9A19103F-16F7-4668-BE54-9A1E7A4F7556}") = "Exos", "Exo_Correction\Exos.csproj", "{3C8B9CC4-DF2B-49A2-BB34-9DCA573604B5}"
EndProject
Project("{9A19103F-16F7-4668-BE54-9A1E7A4F7556}") = "Corrections_Thierry", "Corrections_Thierry\Corrections_Thierry.csproj", "{8696387E-D089-44CB-8A63-6146DA7DA751}"
EndProject
Global
	GlobalSection(SolutionConfigurationPlatforms) = preSolution
		Debug|Any CPU = Debug|Any CPU
		Release|Any CPU = Release|Any CPU
	EndGlobalSection
	GlobalSection(ProjectConfigurationPlatforms) = postSolution
		{3C8B9CC4-DF2B-49A2-BB34-9DCA573604B5}.Debug|Any CPU.ActiveCfg = Debug|Any CPU
		{3C8B9CC4-DF2B-49A2-BB34-9DCA573604B5}.Debug|Any CPU.Build.0 = Debug|Any CPU
		{3C8B9CC4-DF2B-49A2-BB34-9DCA573604B5}.Release|Any CPU.ActiveCfg = Release|Any CPU
		{3C8B9CC4-DF2B-49A2-BB34-9DCA573604B5}.Release|Any CPU.Build.0 = Release|Any CPU
		{8696387E-D089-44CB-8A63-6146DA7DA751}.Debug|Any CPU.ActiveCfg = Debug|Any CPU
		{8696387E-D089-44CB-8A63-6146DA7DA751}.Debug|Any CPU.Build.0 = Debug|Any CPU
		{8696387E-D089-44CB-8A63-6146DA7DA751}.Release|Any CPU.ActiveCfg = Release|Any CPU
		{8696387E-D089-44CB-8A63-6146DA7DA751}.Release|Any CPU.Build.0 = Release|Any CPU
	EndGlobalSection
	GlobalSection(SolutionProperties) = preSolution
		HideSolutionNode = FALSE
	EndGlobalSection
	GlobalSection(ExtensibilityGlobals) = postSolution
		SolutionGuid = {5BC634A5-60CE-4B91-81C9-6A253CF6DBE4}
	EndGlobalSection
EndGlobal
